Microsoft Visual Studio Solution File, Format Version 12.00
# Visual Studio Version 17
VisualStudioVersion = 17.14.36717.8
MinimumVisualStudioVersion = 10.0.40219.1
Project("{FAE04EC0-301F-11D3-BF4B-00C04F79EFBC}") = "OnlineShop.AppHost", "OnlineShop.AppHost\OnlineShop.AppHost.csproj", "{C698249B-1BB4-4EB3-B43A-0074971C02AE}"
EndProject
Project("{FAE04EC0-301F-11D3-BF4B-00C04F79EFBC}") = "OnlineShop.ServiceDefaults", "OnlineShop.ServiceDefaults\OnlineShop.ServiceDefaults.csproj", "{82319B92-A8AD-7698-1804-C6B106EBBE75}"
EndProject
Project("{FAE04EC0-301F-11D3-BF4B-00C04F79EFBC}") = "OnlineShop.Shared", "OnlineShop.Shared\OnlineShop.Shared.csproj", "{CD575E69-2EE5-41D8-82B7-D1DA3445EB4C}"
EndProject
Project("{FAE04EC0-301F-11D3-BF4B-00C04F79EFBC}") = "OnlineShop.Identity", "OnlineShop.Identity\OnlineShop.Identity.csproj", "{93143A68-F0C5-4938-BBE8-40D85DC3B21A}"
EndProject
Global
	GlobalSection(SolutionConfigurationPlatforms) = preSolution
		Debug|Any CPU = Debug|Any CPU
		Release|Any CPU = Release|Any CPU
	EndGlobalSection
	GlobalSection(ProjectConfigurationPlatforms) = postSolution
		{C698249B-1BB4-4EB3-B43A-0074971C02AE}.Debug|Any CPU.ActiveCfg = Debug|Any CPU
		{C698249B-1BB4-4EB3-B43A-0074971C02AE}.Debug|Any CPU.Build.0 = Debug|Any CPU
		{C698249B-1BB4-4EB3-B43A-0074971C02AE}.Release|Any CPU.ActiveCfg = Release|Any CPU
		{C698249B-1BB4-4EB3-B43A-0074971C02AE}.Release|Any CPU.Build.0 = Release|Any CPU
		{82319B92-A8AD-7698-1804-C6B106EBBE75}.Debug|Any CPU.ActiveCfg = Debug|Any CPU
		{82319B92-A8AD-7698-1804-C6B106EBBE75}.Debug|Any CPU.Build.0 = Debug|Any CPU
		{82319B92-A8AD-7698-1804-C6B106EBBE75}.Release|Any CPU.ActiveCfg = Release|Any CPU
		{82319B92-A8AD-7698-1804-C6B106EBBE75}.Release|Any CPU.Build.0 = Release|Any CPU
		{CD575E69-2EE5-41D8-82B7-D1DA3445EB4C}.Debug|Any CPU.ActiveCfg = Debug|Any CPU
		{CD575E69-2EE5-41D8-82B7-D1DA3445EB4C}.Debug|Any CPU.Build.0 = Debug|Any CPU
		{CD575E69-2EE5-41D8-82B7-D1DA3445EB4C}.Release|Any CPU.ActiveCfg = Release|Any CPU
		{CD575E69-2EE5-41D8-82B7-D1DA3445EB4C}.Release|Any CPU.Build.0 = Release|Any CPU
		{93143A68-F0C5-4938-BBE8-40D85DC3B21A}.Debug|Any CPU.ActiveCfg = Debug|Any CPU
		{93143A68-F0C5-4938-BBE8-40D85DC3B21A}.Debug|Any CPU.Build.0 = Debug|Any CPU
		{93143A68-F0C5-4938-BBE8-40D85DC3B21A}.Release|Any CPU.ActiveCfg = Release|Any CPU
		{93143A68-F0C5-4938-BBE8-40D85DC3B21A}.Release|Any CPU.Build.0 = Release|Any CPU
	EndGlobalSection
	GlobalSection(SolutionProperties) = preSolution
		HideSolutionNode = FALSE
	EndGlobalSection
	GlobalSection(ExtensibilityGlobals) = postSolution
		SolutionGuid = {F10C3C99-921D-4E2B-A3D1-9A1936CE8396}
	EndGlobalSection
EndGlobal
